{
    "_readme": [
        "This file locks the dependencies of your project to a known state",
        "Read more about it at https://getcomposer.org/doc/01-basic-usage.md#installing-dependencies",
        "This file is @generated automatically"
    ],
    "content-hash": "440454aa6bd2975652e94f60998e9adc",
    "packages": [
        {
            "name": "sabre/uri",
            "version": "3.0.1",
            "source": {
                "type": "git",
                "url": "https://github.com/sabre-io/uri.git",
                "reference": "1774043c843f1db7654ecc93368a98be29b07544"
            },
            "dist": {
                "type": "zip",
                "url": "https://api.github.com/repos/sabre-io/uri/zipball/1774043c843f1db7654ecc93368a98be29b07544",
                "reference": "1774043c843f1db7654ecc93368a98be29b07544",
                "shasum": ""
            },
            "require": {
                "php": "^7.4 || ^8.0"
            },
            "require-dev": {
                "friendsofphp/php-cs-fixer": "^3.17",
                "phpstan/extension-installer": "^1.3",
                "phpstan/phpstan": "^1.10",
                "phpstan/phpstan-phpunit": "^1.3",
                "phpstan/phpstan-strict-rules": "^1.5",
                "phpunit/phpunit": "^9.6"
            },
            "type": "library",
            "autoload": {
                "files": [
                    "lib/functions.php"
                ],
                "psr-4": {
                    "Sabre\\Uri\\": "lib/"
                }
            },
            "notification-url": "https://packagist.org/downloads/",
            "license": [
                "BSD-3-Clause"
            ],
            "authors": [
                {
                    "name": "Evert Pot",
                    "email": "me@evertpot.com",
                    "homepage": "http://evertpot.com/",
                    "role": "Developer"
                }
            ],
            "description": "Functions for making sense out of URIs.",
            "homepage": "http://sabre.io/uri/",
            "keywords": [
                "rfc3986",
                "uri",
                "url"
            ],
            "support": {
                "forum": "https://groups.google.com/group/sabredav-discuss",
                "issues": "https://github.com/sabre-io/uri/issues",
                "source": "https://github.com/fruux/sabre-uri"
            },
            "time": "2023-06-09T07:04:02+00:00"
        },
        {
            "name": "sabre/vobject",
            "version": "4.5.4",
            "source": {
                "type": "git",
                "url": "https://github.com/sabre-io/vobject.git",
                "reference": "a6d53a3e5bec85ed3dd78868b7de0f5b4e12f772"
            },
            "dist": {
                "type": "zip",
                "url": "https://api.github.com/repos/sabre-io/vobject/zipball/a6d53a3e5bec85ed3dd78868b7de0f5b4e12f772",
                "reference": "a6d53a3e5bec85ed3dd78868b7de0f5b4e12f772",
                "shasum": ""
            },
            "require": {
                "ext-mbstring": "*",
                "php": "^7.1 || ^8.0",
                "sabre/xml": "^2.1 || ^3.0 || ^4.0"
            },
            "require-dev": {
                "friendsofphp/php-cs-fixer": "~2.17.1",
                "phpstan/phpstan": "^0.12",
                "phpunit/php-invoker": "^2.0 || ^3.1",
                "phpunit/phpunit": "^7.5 || ^8.5 || ^9.0"
            },
            "suggest": {
                "hoa/bench": "If you would like to run the benchmark scripts"
            },
            "bin": [
                "bin/vobject",
                "bin/generate_vcards"
            ],
            "type": "library",
            "extra": {
                "branch-alias": {
                    "dev-master": "4.0.x-dev"
                }
            },
            "autoload": {
                "psr-4": {
                    "Sabre\\VObject\\": "lib/"
                }
            },
            "notification-url": "https://packagist.org/downloads/",
            "license": [
                "BSD-3-Clause"
            ],
            "authors": [
                {
                    "name": "Evert Pot",
                    "email": "me@evertpot.com",
                    "homepage": "http://evertpot.com/",
                    "role": "Developer"
                },
                {
                    "name": "Dominik Tobschall",
                    "email": "dominik@fruux.com",
                    "homepage": "http://tobschall.de/",
                    "role": "Developer"
                },
                {
                    "name": "Ivan Enderlin",
                    "email": "ivan.enderlin@hoa-project.net",
                    "homepage": "http://mnt.io/",
                    "role": "Developer"
                }
            ],
            "description": "The VObject library for PHP allows you to easily parse and manipulate iCalendar and vCard objects",
            "homepage": "http://sabre.io/vobject/",
            "keywords": [
                "availability",
                "freebusy",
                "iCalendar",
                "ical",
                "ics",
                "jCal",
                "jCard",
                "recurrence",
                "rfc2425",
                "rfc2426",
                "rfc2739",
                "rfc4770",
                "rfc5545",
                "rfc5546",
                "rfc6321",
                "rfc6350",
                "rfc6351",
                "rfc6474",
                "rfc6638",
                "rfc6715",
                "rfc6868",
                "vCalendar",
                "vCard",
                "vcf",
                "xCal",
                "xCard"
            ],
            "support": {
                "forum": "https://groups.google.com/group/sabredav-discuss",
                "issues": "https://github.com/sabre-io/vobject/issues",
                "source": "https://github.com/fruux/sabre-vobject"
            },
            "time": "2023-11-09T12:54:37+00:00"
        },
        {
            "name": "sabre/xml",
            "version": "4.0.5",
            "source": {
                "type": "git",
                "url": "https://github.com/sabre-io/xml.git",
                "reference": "c29e49fcf9ca8ca058b1e350ee9abe4205c0de89"
            },
            "dist": {
                "type": "zip",
                "url": "https://api.github.com/repos/sabre-io/xml/zipball/c29e49fcf9ca8ca058b1e350ee9abe4205c0de89",
                "reference": "c29e49fcf9ca8ca058b1e350ee9abe4205c0de89",
                "shasum": ""
            },
            "require": {
                "ext-dom": "*",
                "ext-xmlreader": "*",
                "ext-xmlwriter": "*",
                "lib-libxml": ">=2.6.20",
                "php": "^7.4 || ^8.0",
                "sabre/uri": ">=2.0,<4.0.0"
            },
            "require-dev": {
                "friendsofphp/php-cs-fixer": "^3.51",
                "phpstan/phpstan": "^1.10",
                "phpunit/phpunit": "^9.6"
            },
            "type": "library",
            "autoload": {
                "files": [
                    "lib/Deserializer/functions.php",
                    "lib/Serializer/functions.php"
                ],
                "psr-4": {
                    "Sabre\\Xml\\": "lib/"
                }
            },
            "notification-url": "https://packagist.org/downloads/",
            "license": [
                "BSD-3-Clause"
            ],
            "authors": [
                {
                    "name": "Evert Pot",
                    "email": "me@evertpot.com",
                    "homepage": "http://evertpot.com/",
                    "role": "Developer"
                },
                {
                    "name": "Markus Staab",
                    "email": "markus.staab@redaxo.de",
                    "role": "Developer"
                }
            ],
            "description": "sabre/xml is an XML library that you may not hate.",
            "homepage": "https://sabre.io/xml/",
            "keywords": [
                "XMLReader",
                "XMLWriter",
                "dom",
                "xml"
            ],
            "support": {
                "forum": "https://groups.google.com/group/sabredav-discuss",
                "issues": "https://github.com/sabre-io/xml/issues",
                "source": "https://github.com/fruux/sabre-xml"
            },
            "time": "2024-04-18T10:44:25+00:00"
        }
    ],
    "packages-dev": [],
    "aliases": [],
    "minimum-stability": "stable",
    "stability-flags": [],
    "prefer-stable": false,
    "prefer-lowest": false,
    "platform": [],
    "platform-dev": [],
    "plugin-api-version": "2.6.0"
}
